# This file is automatically @generated by Cargo.
# It is not intended for manual editing.
[[package]]
name = "libc"
version = "0.2.29"
source = "registry+https://github.com/rust-lang/crates.io-index"

[[package]]
name = "life"
version = "0.1.0"
dependencies = [
 "termion 1.5.4 (registry+https://github.com/rust-lang/crates.io-index)",
]

[[package]]
name = "numtoa"
version = "0.1.0"
source = "registry+https://github.com/rust-lang/crates.io-index"

[[package]]
name = "redox_syscall"
version = "0.1.30"
source = "registry+https://github.com/rust-lang/crates.io-index"

[[package]]
name = "redox_termios"
version = "0.1.1"
source = "registry+https://github.com/rust-lang/crates.io-index"
dependencies = [
 "redox_syscall 0.1.30 (registry+https://github.com/rust-lang/crates.io-index)",
]

[[package]]
name = "termion"
version = "1.5.4"
source = "registry+https://github.com/rust-lang/crates.io-index"
dependencies = [
 "libc 0.2.29 (registry+https://github.com/rust-lang/crates.io-index)",
 "numtoa 0.1.0 (registry+https://github.com/rust-lang/crates.io-index)",
 "redox_syscall 0.1.30 (registry+https://github.com/rust-lang/crates.io-index)",
 "redox_termios 0.1.1 (registry+https://github.com/rust-lang/crates.io-index)",
]

[metadata]
"checksum libc 0.2.29 (registry+https://github.com/rust-lang/crates.io-index)" = "8a014d9226c2cc402676fbe9ea2e15dd5222cd1dd57f576b5b283178c944a264"
"checksum numtoa 0.1.0 (registry+https://github.com/rust-lang/crates.io-index)" = "b8f8bdf33df195859076e54ab11ee78a1b208382d3a26ec40d142ffc1ecc49ef"
"checksum redox_syscall 0.1.30 (registry+https://github.com/rust-lang/crates.io-index)" = "8312fba776a49cf390b7b62f3135f9b294d8617f7a7592cfd0ac2492b658cd7b"
"checksum redox_termios 0.1.1 (registry+https://github.com/rust-lang/crates.io-index)" = "7e891cfe48e9100a70a3b6eb652fef28920c117d366339687bd5576160db0f76"
"checksum termion 1.5.4 (registry+https://github.com/rust-lang/crates.io-index)" = "818ef3700c2a7b447dca1a1dd28341fe635e6ee103c806c636bb9c929991b2cd"
