[[package]]
name = "libc"
version = "0.2.29"
source = "registry+https://github.com/rust-lang/crates.io-index"

[[package]]
name = "life"
version = "0.1.0"
dependencies = [
 "termion 1.5.1 (registry+https://github.com/rust-lang/crates.io-index)",
]

[[package]]
name = "redox_syscall"
version = "0.1.30"
source = "registry+https://github.com/rust-lang/crates.io-index"

[[package]]
name = "redox_termios"
version = "0.1.1"
source = "registry+https://github.com/rust-lang/crates.io-index"
dependencies = [
 "redox_syscall 0.1.30 (registry+https://github.com/rust-lang/crates.io-index)",
]

[[package]]
name = "termion"
version = "1.5.1"
source = "registry+https://github.com/rust-lang/crates.io-index"
dependencies = [
 "libc 0.2.29 (registry+https://github.com/rust-lang/crates.io-index)",
 "redox_syscall 0.1.30 (registry+https://github.com/rust-lang/crates.io-index)",
 "redox_termios 0.1.1 (registry+https://github.com/rust-lang/crates.io-index)",
]

[metadata]
"checksum libc 0.2.29 (registry+https://github.com/rust-lang/crates.io-index)" = "8a014d9226c2cc402676fbe9ea2e15dd5222cd1dd57f576b5b283178c944a264"
"checksum redox_syscall 0.1.30 (registry+https://github.com/rust-lang/crates.io-index)" = "8312fba776a49cf390b7b62f3135f9b294d8617f7a7592cfd0ac2492b658cd7b"
"checksum redox_termios 0.1.1 (registry+https://github.com/rust-lang/crates.io-index)" = "7e891cfe48e9100a70a3b6eb652fef28920c117d366339687bd5576160db0f76"
"checksum termion 1.5.1 (registry+https://github.com/rust-lang/crates.io-index)" = "689a3bdfaab439fd92bc87df5c4c78417d3cbe537487274e9b0b2dce76e92096"
